// !$*UTF8*$!
{
	archiveVersion = 1;
	classes = {
	};
	objectVersion = 46;
	objects = {

/* Begin PBXBuildFile section */
		1E61AF0B1914AB11007F265A /* Foundation.framework in Frameworks */ = {isa = PBXBuildFile; fileRef = 1E61AF0A1914AB11007F265A /* Foundation.framework */; };
		1E61AF0D1914AB11007F265A /* CoreGraphics.framework in Frameworks */ = {isa = PBXBuildFile; fileRef = 1E61AF0C1914AB11007F265A /* CoreGraphics.framework */; };
		1E61AF0F1914AB11007F265A /* UIKit.framework in Frameworks */ = {isa = PBXBuildFile; fileRef = 1E61AF0E1914AB11007F265A /* UIKit.framework */; };
		1E61AF151914AB11007F265A /* InfoPlist.strings in Resources */ = {isa = PBXBuildFile; fileRef = 1E61AF131914AB11007F265A /* InfoPlist.strings */; };
		1E61AF171914AB11007F265A /* main.m in Sources */ = {isa = PBXBuildFile; fileRef = 1E61AF161914AB11007F265A /* main.m */; };
		1E61AF1B1914AB11007F265A /* AppDelegate.m in Sources */ = {isa = PBXBuildFile; fileRef = 1E61AF1A1914AB11007F265A /* AppDelegate.m */; };
		1E61AF1E1914AB11007F265A /* Main.storyboard in Resources */ = {isa = PBXBuildFile; fileRef = 1E61AF1C1914AB11007F265A /* Main.storyboard */; };
		1E61AF211914AB11007F265A /* ViewController.m in Sources */ = {isa = PBXBuildFile; fileRef = 1E61AF201914AB11007F265A /* ViewController.m */; };
		1E61AF231914AB11007F265A /* Images.xcassets in Resources */ = {isa = PBXBuildFile; fileRef = 1E61AF221914AB11007F265A /* Images.xcassets */; };
		1E61AF2A1914AB11007F265A /* XCTest.framework in Frameworks */ = {isa = PBXBuildFile; fileRef = 1E61AF291914AB11007F265A /* XCTest.framework */; };
		1E61AF2B1914AB11007F265A /* Foundation.framework in Frameworks */ = {isa = PBXBuildFile; fileRef = 1E61AF0A1914AB11007F265A /* Foundation.framework */; };
		1E61AF2C1914AB12007F265A /* UIKit.framework in Frameworks */ = {isa = PBXBuildFile; fileRef = 1E61AF0E1914AB11007F265A /* UIKit.framework */; };
		1E61AF341914AB12007F265A /* InfoPlist.strings in Resources */ = {isa = PBXBuildFile; fileRef = 1E61AF321914AB12007F265A /* InfoPlist.strings */; };
		1E61AF361914AB12007F265A /* iOS_BallTests.m in Sources */ = {isa = PBXBuildFile; fileRef = 1E61AF351914AB12007F265A /* iOS_BallTests.m */; };
		1E61AF401914AB38007F265A /* background.png in Resources */ = {isa = PBXBuildFile; fileRef = 1E61AF3F1914AB38007F265A /* background.png */; };
		1E61AF431914AC13007F265A /* Model.m in Sources */ = {isa = PBXBuildFile; fileRef = 1E61AF421914AC13007F265A /* Model.m */; };
		1E61AF461914AC9C007F265A /* View.m in Sources */ = {isa = PBXBuildFile; fileRef = 1E61AF451914AC9C007F265A /* View.m */; };
		1E61AF481914AE2F007F265A /* yellowBall.png in Resources */ = {isa = PBXBuildFile; fileRef = 1E61AF471914AE2F007F265A /* yellowBall.png */; };
		1E61AF4C19152E4C007F265A /* empty.png in Resources */ = {isa = PBXBuildFile; fileRef = 1E61AF4B19152E4C007F265A /* empty.png */; };
/* End PBXBuildFile section */

/* Begin PBXContainerItemProxy section */
		1E61AF2D1914AB12007F265A /* PBXContainerItemProxy */ = {
			isa = PBXContainerItemProxy;
			containerPortal = 1E61AEFF1914AB11007F265A /* Project object */;
			proxyType = 1;
			remoteGlobalIDString = 1E61AF061914AB11007F265A;
			remoteInfo = "iOS-Ball";
		};
/* End PBXContainerItemProxy section */

/* Begin PBXFileReference section */
		1E61AF071914AB11007F265A /* iOS-Ball.app */ = {isa = PBXFileReference; explicitFileType = wrapper.application; includeInIndex = 0; path = "iOS-Ball.app"; sourceTree = BUILT_PRODUCTS_DIR; };
		1E61AF0A1914AB11007F265A /* Foundation.framework */ = {isa = PBXFileReference; lastKnownFileType = wrapper.framework; name = Foundation.framework; path = System/Library/Frameworks/Foundation.framework; sourceTree = SDKROOT; };
		1E61AF0C1914AB11007F265A /* CoreGraphics.framework */ = {isa = PBXFileReference; lastKnownFileType = wrapper.framework; name = CoreGraphics.framework; path = System/Library/Frameworks/CoreGraphics.framework; sourceTree = SDKROOT; };
		1E61AF0E1914AB11007F265A /* UIKit.framework */ = {isa = PBXFileReference; lastKnownFileType = wrapper.framework; name = UIKit.framework; path = System/Library/Frameworks/UIKit.framework; sourceTree = SDKROOT; };
		1E61AF121914AB11007F265A /* iOS-Ball-Info.plist */ = {isa = PBXFileReference; lastKnownFileType = text.plist.xml; path = "iOS-Ball-Info.plist"; sourceTree = "<group>"; };
		1E61AF141914AB11007F265A /* en */ = {isa = PBXFileReference; lastKnownFileType = text.plist.strings; name = en; path = en.lproj/InfoPlist.strings; sourceTree = "<group>"; };
		1E61AF161914AB11007F265A /* main.m */ = {isa = PBXFileReference; lastKnownFileType = sourcecode.c.objc; path = main.m; sourceTree = "<group>"; };
		1E61AF181914AB11007F265A /* iOS-Ball-Prefix.pch */ = {isa = PBXFileReference; lastKnownFileType = sourcecode.c.h; path = "iOS-Ball-Prefix.pch"; sourceTree = "<group>"; };
		1E61AF191914AB11007F265A /* AppDelegate.h */ = {isa = PBXFileReference; lastKnownFileType = sourcecode.c.h; path = AppDelegate.h; sourceTree = "<group>"; };
		1E61AF1A1914AB11007F265A /* AppDelegate.m */ = {isa = PBXFileReference; lastKnownFileType = sourcecode.c.objc; path = AppDelegate.m; sourceTree = "<group>"; };
		1E61AF1D1914AB11007F265A /* Base */ = {isa = PBXFileReference; lastKnownFileType = file.storyboard; name = Base; path = Base.lproj/Main.storyboard; sourceTree = "<group>"; };
		1E61AF1F1914AB11007F265A /* ViewController.h */ = {isa = PBXFileReference; lastKnownFileType = sourcecode.c.h; path = ViewController.h; sourceTree = "<group>"; };
		1E61AF201914AB11007F265A /* ViewController.m */ = {isa = PBXFileReference; lastKnownFileType = sourcecode.c.objc; path = ViewController.m; sourceTree = "<group>"; };
		1E61AF221914AB11007F265A /* Images.xcassets */ = {isa = PBXFileReference; lastKnownFileType = folder.assetcatalog; path = Images.xcassets; sourceTree = "<group>"; };
		1E61AF281914AB11007F265A /* iOS-BallTests.xctest */ = {isa = PBXFileReference; explicitFileType = wrapper.cfbundle; includeInIndex = 0; path = "iOS-BallTests.xctest"; sourceTree = BUILT_PRODUCTS_DIR; };
		1E61AF291914AB11007F265A /* XCTest.framework */ = {isa = PBXFileReference; lastKnownFileType = wrapper.framework; name = XCTest.framework; path = Library/Frameworks/XCTest.framework; sourceTree = DEVELOPER_DIR; };
		1E61AF311914AB12007F265A /* iOS-BallTests-Info.plist */ = {isa = PBXFileReference; lastKnownFileType = text.plist.xml; path = "iOS-BallTests-Info.plist"; sourceTree = "<group>"; };
		1E61AF331914AB12007F265A /* en */ = {isa = PBXFileReference; lastKnownFileType = text.plist.strings; name = en; path = en.lproj/InfoPlist.strings; sourceTree = "<group>"; };
		1E61AF351914AB12007F265A /* iOS_BallTests.m */ = {isa = PBXFileReference; lastKnownFileType = sourcecode.c.objc; path = iOS_BallTests.m; sourceTree = "<group>"; };
		1E61AF3F1914AB38007F265A /* background.png */ = {isa = PBXFileReference; lastKnownFileType = image.png; path = background.png; sourceTree = "<group>"; };
		1E61AF411914AC13007F265A /* Model.h */ = {isa = PBXFileReference; fileEncoding = 4; lastKnownFileType = sourcecode.c.h; path = Model.h; sourceTree = "<group>"; };
		1E61AF421914AC13007F265A /* Model.m */ = {isa = PBXFileReference; fileEncoding = 4; lastKnownFileType = sourcecode.c.objc; path = Model.m; sourceTree = "<group>"; };
		1E61AF441914AC9C007F265A /* View.h */ = {isa = PBXFileReference; fileEncoding = 4; lastKnownFileType = sourcecode.c.h; path = View.h; sourceTree = "<group>"; };
		1E61AF451914AC9C007F265A /* View.m */ = {isa = PBXFileReference; fileEncoding = 4; lastKnownFileType = sourcecode.c.objc; path = View.m; sourceTree = "<group>"; };
		1E61AF471914AE2F007F265A /* yellowBall.png */ = {isa = PBXFileReference; lastKnownFileType = image.png; path = yellowBall.png; sourceTree = "<group>"; };
		1E61AF4B19152E4C007F265A /* empty.png */ = {isa = PBXFileReference; lastKnownFileType = image.png; path = empty.png; sourceTree = "<group>"; };
/* End PBXFileReference section */

/* Begin PBXFrameworksBuildPhase section */
		1E61AF041914AB11007F265A /* Frameworks */ = {
			isa = PBXFrameworksBuildPhase;
			buildActionMask = 2147483647;
			files = (
				1E61AF0D1914AB11007F265A /* CoreGraphics.framework in Frameworks */,
				1E61AF0F1914AB11007F265A /* UIKit.framework in Frameworks */,
				1E61AF0B1914AB11007F265A /* Foundation.framework in Frameworks */,
			);
			runOnlyForDeploymentPostprocessing = 0;
		};
		1E61AF251914AB11007F265A /* Frameworks */ = {
			isa = PBXFrameworksBuildPhase;
			buildActionMask = 2147483647;
			files = (
				1E61AF2A1914AB11007F265A /* XCTest.framework in Frameworks */,
				1E61AF2C1914AB12007F265A /* UIKit.framework in Frameworks */,
				1E61AF2B1914AB11007F265A /* Foundation.framework in Frameworks */,
			);
			runOnlyForDeploymentPostprocessing = 0;
		};
/* End PBXFrameworksBuildPhase section */

/* Begin PBXGroup section */
		1E61AEFE1914AB11007F265A = {
			isa = PBXGroup;
			children = (
				1E61AF101914AB11007F265A /* iOS-Ball */,
				1E61AF2F1914AB12007F265A /* iOS-BallTests */,
				1E61AF091914AB11007F265A /* Frameworks */,
				1E61AF081914AB11007F265A /* Products */,
			);
			sourceTree = "<group>";
		};
		1E61AF081914AB11007F265A /* Products */ = {
			isa = PBXGroup;
			children = (
				1E61AF071914AB11007F265A /* iOS-Ball.app */,
				1E61AF281914AB11007F265A /* iOS-BallTests.xctest */,
			);
			name = Products;
			sourceTree = "<group>";
		};
		1E61AF091914AB11007F265A /* Frameworks */ = {
			isa = PBXGroup;
			children = (
				1E61AF0A1914AB11007F265A /* Foundation.framework */,
				1E61AF0C1914AB11007F265A /* CoreGraphics.framework */,
				1E61AF0E1914AB11007F265A /* UIKit.framework */,
				1E61AF291914AB11007F265A /* XCTest.framework */,
			);
			name = Frameworks;
			sourceTree = "<group>";
		};
		1E61AF101914AB11007F265A /* iOS-Ball */ = {
			isa = PBXGroup;
			children = (
				1E61AF191914AB11007F265A /* AppDelegate.h */,
				1E61AF1A1914AB11007F265A /* AppDelegate.m */,
				1E61AF1C1914AB11007F265A /* Main.storyboard */,
				1E61AF411914AC13007F265A /* Model.h */,
				1E61AF421914AC13007F265A /* Model.m */,
				1E61AF441914AC9C007F265A /* View.h */,
				1E61AF451914AC9C007F265A /* View.m */,
				1E61AF1F1914AB11007F265A /* ViewController.h */,
				1E61AF201914AB11007F265A /* ViewController.m */,
				1E61AF221914AB11007F265A /* Images.xcassets */,
				1E61AF111914AB11007F265A /* Supporting Files */,
			);
			path = "iOS-Ball";
			sourceTree = "<group>";
		};
		1E61AF111914AB11007F265A /* Supporting Files */ = {
			isa = PBXGroup;
			children = (
				1E61AF4B19152E4C007F265A /* empty.png */,
				1E61AF471914AE2F007F265A /* yellowBall.png */,
				1E61AF3F1914AB38007F265A /* background.png */,
				1E61AF121914AB11007F265A /* iOS-Ball-Info.plist */,
				1E61AF131914AB11007F265A /* InfoPlist.strings */,
				1E61AF161914AB11007F265A /* main.m */,
				1E61AF181914AB11007F265A /* iOS-Ball-Prefix.pch */,
			);
			name = "Supporting Files";
			sourceTree = "<group>";
		};
		1E61AF2F1914AB12007F265A /* iOS-BallTests */ = {
			isa = PBXGroup;
			children = (
				1E61AF351914AB12007F265A /* iOS_BallTests.m */,
				1E61AF301914AB12007F265A /* Supporting Files */,
			);
			path = "iOS-BallTests";
			sourceTree = "<group>";
		};
		1E61AF301914AB12007F265A /* Supporting Files */ = {
			isa = PBXGroup;
			children = (
				1E61AF311914AB12007F265A /* iOS-BallTests-Info.plist */,
				1E61AF321914AB12007F265A /* InfoPlist.strings */,
			);
			name = "Supporting Files";
			sourceTree = "<group>";
		};
/* End PBXGroup section */

/* Begin PBXNativeTarget section */
		1E61AF061914AB11007F265A /* iOS-Ball */ = {
			isa = PBXNativeTarget;
			buildConfigurationList = 1E61AF391914AB12007F265A /* Build configuration list for PBXNativeTarget "iOS-Ball" */;
			buildPhases = (
				1E61AF031914AB11007F265A /* Sources */,
				1E61AF041914AB11007F265A /* Frameworks */,
				1E61AF051914AB11007F265A /* Resources */,
			);
			buildRules = (
			);
			dependencies = (
			);
			name = "iOS-Ball";
			productName = "iOS-Ball";
			productReference = 1E61AF071914AB11007F265A /* iOS-Ball.app */;
			productType = "com.apple.product-type.application";
		};
		1E61AF271914AB11007F265A /* iOS-BallTests */ = {
			isa = PBXNativeTarget;
			buildConfigurationList = 1E61AF3C1914AB12007F265A /* Build configuration list for PBXNativeTarget "iOS-BallTests" */;
			buildPhases = (
				1E61AF241914AB11007F265A /* Sources */,
				1E61AF251914AB11007F265A /* Frameworks */,
				1E61AF261914AB11007F265A /* Resources */,
			);
			buildRules = (
			);
			dependencies = (
				1E61AF2E1914AB12007F265A /* PBXTargetDependency */,
			);
			name = "iOS-BallTests";
			productName = "iOS-BallTests";
			productReference = 1E61AF281914AB11007F265A /* iOS-BallTests.xctest */;
			productType = "com.apple.product-type.bundle.unit-test";
		};
/* End PBXNativeTarget section */

/* Begin PBXProject section */
		1E61AEFF1914AB11007F265A /* Project object */ = {
			isa = PBXProject;
			attributes = {
				LastUpgradeCheck = 0510;
				ORGANIZATIONNAME = "Misha software solutions";
				TargetAttributes = {
					1E61AF271914AB11007F265A = {
						TestTargetID = 1E61AF061914AB11007F265A;
					};
				};
			};
			buildConfigurationList = 1E61AF021914AB11007F265A /* Build configuration list for PBXProject "iOS-Ball" */;
			compatibilityVersion = "Xcode 3.2";
			developmentRegion = English;
			hasScannedForEncodings = 0;
			knownRegions = (
				en,
				Base,
			);
			mainGroup = 1E61AEFE1914AB11007F265A;
			productRefGroup = 1E61AF081914AB11007F265A /* Products */;
			projectDirPath = "";
			projectRoot = "";
			targets = (
				1E61AF061914AB11007F265A /* iOS-Ball */,
				1E61AF271914AB11007F265A /* iOS-BallTests */,
			);
		};
/* End PBXProject section */

/* Begin PBXResourcesBuildPhase section */
		1E61AF051914AB11007F265A /* Resources */ = {
			isa = PBXResourcesBuildPhase;
			buildActionMask = 2147483647;
			files = (
				1E61AF481914AE2F007F265A /* yellowBall.png in Resources */,
				1E61AF231914AB11007F265A /* Images.xcassets in Resources */,
				1E61AF401914AB38007F265A /* background.png in Resources */,
				1E61AF151914AB11007F265A /* InfoPlist.strings in Resources */,
				1E61AF1E1914AB11007F265A /* Main.storyboard in Resources */,
				1E61AF4C19152E4C007F265A /* empty.png in Resources */,
			);
			runOnlyForDeploymentPostprocessing = 0;
		};
		1E61AF261914AB11007F265A /* Resources */ = {
			isa = PBXResourcesBuildPhase;
			buildActionMask = 2147483647;
			files = (
				1E61AF341914AB12007F265A /* InfoPlist.strings in Resources */,
			);
			runOnlyForDeploymentPostprocessing = 0;
		};
/* End PBXResourcesBuildPhase section */

/* Begin PBXSourcesBuildPhase section */
		1E61AF031914AB11007F265A /* Sources */ = {
			isa = PBXSourcesBuildPhase;
			buildActionMask = 2147483647;
			files = (
				1E61AF461914AC9C007F265A /* View.m in Sources */,
				1E61AF211914AB11007F265A /* ViewController.m in Sources */,
				1E61AF1B1914AB11007F265A /* AppDelegate.m in Sources */,
				1E61AF171914AB11007F265A /* main.m in Sources */,
				1E61AF431914AC13007F265A /* Model.m in Sources */,
			);
			runOnlyForDeploymentPostprocessing = 0;
		};
		1E61AF241914AB11007F265A /* Sources */ = {
			isa = PBXSourcesBuildPhase;
			buildActionMask = 2147483647;
			files = (
				1E61AF361914AB12007F265A /* iOS_BallTests.m in Sources */,
			);
			runOnlyForDeploymentPostprocessing = 0;
		};
/* End PBXSourcesBuildPhase section */

/* Begin PBXTargetDependency section */
		1E61AF2E1914AB12007F265A /* PBXTargetDependency */ = {
			isa = PBXTargetDependency;
			target = 1E61AF061914AB11007F265A /* iOS-Ball */;
			targetProxy = 1E61AF2D1914AB12007F265A /* PBXContainerItemProxy */;
		};
/* End PBXTargetDependency section */

/* Begin PBXVariantGroup section */
		1E61AF131914AB11007F265A /* InfoPlist.strings */ = {
			isa = PBXVariantGroup;
			children = (
				1E61AF141914AB11007F265A /* en */,
			);
			name = InfoPlist.strings;
			sourceTree = "<group>";
		};
		1E61AF1C1914AB11007F265A /* Main.storyboard */ = {
			isa = PBXVariantGroup;
			children = (
				1E61AF1D1914AB11007F265A /* Base */,
			);
			name = Main.storyboard;
			sourceTree = "<group>";
		};
		1E61AF321914AB12007F265A /* InfoPlist.strings */ = {
			isa = PBXVariantGroup;
			children = (
				1E61AF331914AB12007F265A /* en */,
			);
			name = InfoPlist.strings;
			sourceTree = "<group>";
		};
/* End PBXVariantGroup section */

/* Begin XCBuildConfiguration section */
		1E61AF371914AB12007F265A /* Debug */ = {
			isa = XCBuildConfiguration;
			buildSettings = {
				ALWAYS_SEARCH_USER_PATHS = NO;
				CLANG_CXX_LANGUAGE_STANDARD = "gnu++0x";
				CLANG_CXX_LIBRARY = "libc++";
				CLANG_ENABLE_MODULES = YES;
				CLANG_ENABLE_OBJC_ARC = YES;
				CLANG_WARN_BOOL_CONVERSION = YES;
				CLANG_WARN_CONSTANT_CONVERSION = YES;
				CLANG_WARN_DIRECT_OBJC_ISA_USAGE = YES_ERROR;
				CLANG_WARN_EMPTY_BODY = YES;
				CLANG_WARN_ENUM_CONVERSION = YES;
				CLANG_WARN_INT_CONVERSION = YES;
				CLANG_WARN_OBJC_ROOT_CLASS = YES_ERROR;
				CLANG_WARN__DUPLICATE_METHOD_MATCH = YES;
				"CODE_SIGN_IDENTITY[sdk=iphoneos*]" = "iPhone Developer";
				COPY_PHASE_STRIP = NO;
				GCC_C_LANGUAGE_STANDARD = gnu99;
				GCC_DYNAMIC_NO_PIC = NO;
				GCC_OPTIMIZATION_LEVEL = 0;
				GCC_PREPROCESSOR_DEFINITIONS = (
					"DEBUG=1",
					"$(inherited)",
				);
				GCC_SYMBOLS_PRIVATE_EXTERN = NO;
				GCC_WARN_64_TO_32_BIT_CONVERSION = YES;
				GCC_WARN_ABOUT_RETURN_TYPE = YES_ERROR;
				GCC_WARN_UNDECLARED_SELECTOR = YES;
				GCC_WARN_UNINITIALIZED_AUTOS = YES_AGGRESSIVE;
				GCC_WARN_UNUSED_FUNCTION = YES;
				GCC_WARN_UNUSED_VARIABLE = YES;
				IPHONEOS_DEPLOYMENT_TARGET = 7.1;
				ONLY_ACTIVE_ARCH = YES;
				SDKROOT = iphoneos;
			};
			name = Debug;
		};
		1E61AF381914AB12007F265A /* Release */ = {
			isa = XCBuildConfiguration;
			buildSettings = {
				ALWAYS_SEARCH_USER_PATHS = NO;
				CLANG_CXX_LANGUAGE_STANDARD = "gnu++0x";
				CLANG_CXX_LIBRARY = "libc++";
				CLANG_ENABLE_MODULES = YES;
				CLANG_ENABLE_OBJC_ARC = YES;
				CLANG_WARN_BOOL_CONVERSION = YES;
				CLANG_WARN_CONSTANT_CONVERSION = YES;
				CLANG_WARN_DIRECT_OBJC_ISA_USAGE = YES_ERROR;
				CLANG_WARN_EMPTY_BODY = YES;
				CLANG_WARN_ENUM_CONVERSION = YES;
				CLANG_WARN_INT_CONVERSION = YES;
				CLANG_WARN_OBJC_ROOT_CLASS = YES_ERROR;
				CLANG_WARN__DUPLICATE_METHOD_MATCH = YES;
				"CODE_SIGN_IDENTITY[sdk=iphoneos*]" = "iPhone Developer";
				COPY_PHASE_STRIP = YES;
				ENABLE_NS_ASSERTIONS = NO;
				GCC_C_LANGUAGE_STANDARD = gnu99;
				GCC_WARN_64_TO_32_BIT_CONVERSION = YES;
				GCC_WARN_ABOUT_RETURN_TYPE = YES_ERROR;
				GCC_WARN_UNDECLARED_SELECTOR = YES;
				GCC_WARN_UNINITIALIZED_AUTOS = YES_AGGRESSIVE;
				GCC_WARN_UNUSED_FUNCTION = YES;
				GCC_WARN_UNUSED_VARIABLE = YES;
				IPHONEOS_DEPLOYMENT_TARGET = 7.1;
				SDKROOT = iphoneos;
				VALIDATE_PRODUCT = YES;
			};
			name = Release;
		};
		1E61AF3A1914AB12007F265A /* Debug */ = {
			isa = XCBuildConfiguration;
			buildSettings = {
				ASSETCATALOG_COMPILER_APPICON_NAME = AppIcon;
				ASSETCATALOG_COMPILER_LAUNCHIMAGE_NAME = LaunchImage;
				GCC_PRECOMPILE_PREFIX_HEADER = YES;
				GCC_PREFIX_HEADER = "iOS-Ball/iOS-Ball-Prefix.pch";
				INFOPLIST_FILE = "iOS-Ball/iOS-Ball-Info.plist";
				PRODUCT_NAME = "$(TARGET_NAME)";
				WRAPPER_EXTENSION = app;
			};
			name = Debug;
		};
		1E61AF3B1914AB12007F265A /* Release */ = {
			isa = XCBuildConfiguration;
			buildSettings = {
				ASSETCATALOG_COMPILER_APPICON_NAME = AppIcon;
				ASSETCATALOG_COMPILER_LAUNCHIMAGE_NAME = LaunchImage;
				GCC_PRECOMPILE_PREFIX_HEADER = YES;
				GCC_PREFIX_HEADER = "iOS-Ball/iOS-Ball-Prefix.pch";
				INFOPLIST_FILE = "iOS-Ball/iOS-Ball-Info.plist";
				PRODUCT_NAME = "$(TARGET_NAME)";
				WRAPPER_EXTENSION = app;
			};
			name = Release;
		};
		1E61AF3D1914AB12007F265A /* Debug */ = {
			isa = XCBuildConfiguration;
			buildSettings = {
				BUNDLE_LOADER = "$(BUILT_PRODUCTS_DIR)/iOS-Ball.app/iOS-Ball";
				FRAMEWORK_SEARCH_PATHS = (
					"$(SDKROOT)/Developer/Library/Frameworks",
					"$(inherited)",
					"$(DEVELOPER_FRAMEWORKS_DIR)",
				);
				GCC_PRECOMPILE_PREFIX_HEADER = YES;
				GCC_PREFIX_HEADER = "iOS-Ball/iOS-Ball-Prefix.pch";
				GCC_PREPROCESSOR_DEFINITIONS = (
					"DEBUG=1",
					"$(inherited)",
				);
				INFOPLIST_FILE = "iOS-BallTests/iOS-BallTests-Info.plist";
				PRODUCT_NAME = "$(TARGET_NAME)";
				TEST_HOST = "$(BUNDLE_LOADER)";
				WRAPPER_EXTENSION = xctest;
			};
			name = Debug;
		};
		1E61AF3E1914AB12007F265A /* Release */ = {
			isa = XCBuildConfiguration;
			buildSettings = {
				BUNDLE_LOADER = "$(BUILT_PRODUCTS_DIR)/iOS-Ball.app/iOS-Ball";
				FRAMEWORK_SEARCH_PATHS = (
					"$(SDKROOT)/Developer/Library/Frameworks",
					"$(inherited)",
					"$(DEVELOPER_FRAMEWORKS_DIR)",
				);
				GCC_PRECOMPILE_PREFIX_HEADER = YES;
				GCC_PREFIX_HEADER = "iOS-Ball/iOS-Ball-Prefix.pch";
				INFOPLIST_FILE = "iOS-BallTests/iOS-BallTests-Info.plist";
				PRODUCT_NAME = "$(TARGET_NAME)";
				TEST_HOST = "$(BUNDLE_LOADER)";
				WRAPPER_EXTENSION = xctest;
			};
			name = Release;
		};
/* End XCBuildConfiguration section */

/* Begin XCConfigurationList section */
		1E61AF021914AB11007F265A /* Build configuration list for PBXProject "iOS-Ball" */ = {
			isa = XCConfigurationList;
			buildConfigurations = (
				1E61AF371914AB12007F265A /* Debug */,
				1E61AF381914AB12007F265A /* Release */,
			);
			defaultConfigurationIsVisible = 0;
			defaultConfigurationName = Release;
		};
		1E61AF391914AB12007F265A /* Build configuration list for PBXNativeTarget "iOS-Ball" */ = {
			isa = XCConfigurationList;
			buildConfigurations = (
				1E61AF3A1914AB12007F265A /* Debug */,
				1E61AF3B1914AB12007F265A /* Release */,
			);
			defaultConfigurationIsVisible = 0;
			defaultConfigurationName = Release;
		};
		1E61AF3C1914AB12007F265A /* Build configuration list for PBXNativeTarget "iOS-BallTests" */ = {
			isa = XCConfigurationList;
			buildConfigurations = (
				1E61AF3D1914AB12007F265A /* Debug */,
				1E61AF3E1914AB12007F265A /* Release */,
			);
			defaultConfigurationIsVisible = 0;
			defaultConfigurationName = Release;
		};
/* End XCConfigurationList section */
	};
	rootObject = 1E61AEFF1914AB11007F265A /* Project object */;
}
